
Microsoft Visual Studio Solution File, Format Version 12.00
# Visual Studio Version 17
VisualStudioVersion = 17.14.36511.14 d17.14
MinimumVisualStudioVersion = 10.0.40219.1
Project("{FAE04EC0-301F-11D3-BF4B-00C04F79EFBC}") = "support.server", "support.server\support.server.csproj", "{8C6353BC-4558-43F7-B262-1BFCB8382519}"
EndProject
Global
	GlobalSection(SolutionConfigurationPlatforms) = preSolution
		Debug|Any CPU = Debug|Any CPU
		Release|Any CPU = Release|Any CPU
	EndGlobalSection
	GlobalSection(ProjectConfigurationPlatforms) = postSolution
		{8C6353BC-4558-43F7-B262-1BFCB8382519}.Debug|Any CPU.ActiveCfg = Debug|Any CPU
		{8C6353BC-4558-43F7-B262-1BFCB8382519}.Debug|Any CPU.Build.0 = Debug|Any CPU
		{8C6353BC-4558-43F7-B262-1BFCB8382519}.Release|Any CPU.ActiveCfg = Release|Any CPU
		{8C6353BC-4558-43F7-B262-1BFCB8382519}.Release|Any CPU.Build.0 = Release|Any CPU
	EndGlobalSection
	GlobalSection(SolutionProperties) = preSolution
		HideSolutionNode = FALSE
	EndGlobalSection
	GlobalSection(ExtensibilityGlobals) = postSolution
		SolutionGuid = {3C0F1CF2-43DC-46D1-A6A0-606B3F27DC5F}
	EndGlobalSection
EndGlobal
